
Microsoft Visual Studio Solution File, Format Version 12.00
# Visual Studio 2013
VisualStudioVersion = 12.0.31101.0
MinimumVisualStudioVersion = 10.0.40219.1
Project("{FAE04EC0-301F-11D3-BF4B-00C04F79EFBC}") = "ObjectExporter.VsPackage", "ObjectExporter.VsPackage\ObjectExporter.VsPackage.csproj", "{4327676D-2B8D-42C9-AF0D-833D7812C15E}"
EndProject
Project("{FAE04EC0-301F-11D3-BF4B-00C04F79EFBC}") = "ObjectExplorer.Test", "ObjectExplorer.Test\ObjectExplorer.Test.csproj", "{526521E3-EE0C-4E2F-80C1-CC3BFC8991F1}"
EndProject
Project("{FAE04EC0-301F-11D3-BF4B-00C04F79EFBC}") = "ObjectExporter.Core", "ObjectExporter.Core\ObjectExporter.Core.csproj", "{29D6D910-2865-4243-AABE-31E8180DE906}"
EndProject
Project("{2150E333-8FDC-42A3-9474-1A3956D46DE8}") = "Test Projects", "Test Projects", "{EBA56731-B3A8-47FC-A5BA-07A26A7926E8}"
EndProject
Project("{2150E333-8FDC-42A3-9474-1A3956D46DE8}") = "lib", "lib", "{B283BD4B-FB2D-4FE2-B8F4-0DB6F79F645F}"
	ProjectSection(SolutionItems) = preProject
		lib\Microsoft.VisualStudio.Shell.11.0.dll = lib\Microsoft.VisualStudio.Shell.11.0.dll
		lib\Microsoft.VisualStudio.Shell.11.0.xml = lib\Microsoft.VisualStudio.Shell.11.0.xml
		lib\Microsoft.VisualStudio.Shell.Design.dll = lib\Microsoft.VisualStudio.Shell.Design.dll
		lib\Scintilla\ScintillaNET.dll = lib\Scintilla\ScintillaNET.dll
	EndProjectSection
EndProject
Global
	GlobalSection(SolutionConfigurationPlatforms) = preSolution
		Debug|Any CPU = Debug|Any CPU
		Debug|ARM = Debug|ARM
		Debug|x64 = Debug|x64
		Debug|x86 = Debug|x86
		Release|Any CPU = Release|Any CPU
		Release|ARM = Release|ARM
		Release|x64 = Release|x64
		Release|x86 = Release|x86
	EndGlobalSection
	GlobalSection(ProjectConfigurationPlatforms) = postSolution
		{4327676D-2B8D-42C9-AF0D-833D7812C15E}.Debug|Any CPU.ActiveCfg = Debug|Any CPU
		{4327676D-2B8D-42C9-AF0D-833D7812C15E}.Debug|Any CPU.Build.0 = Debug|Any CPU
		{4327676D-2B8D-42C9-AF0D-833D7812C15E}.Debug|ARM.ActiveCfg = Debug|Any CPU
		{4327676D-2B8D-42C9-AF0D-833D7812C15E}.Debug|x64.ActiveCfg = Debug|Any CPU
		{4327676D-2B8D-42C9-AF0D-833D7812C15E}.Debug|x86.ActiveCfg = Debug|Any CPU
		{4327676D-2B8D-42C9-AF0D-833D7812C15E}.Release|Any CPU.ActiveCfg = Release|Any CPU
		{4327676D-2B8D-42C9-AF0D-833D7812C15E}.Release|Any CPU.Build.0 = Release|Any CPU
		{4327676D-2B8D-42C9-AF0D-833D7812C15E}.Release|ARM.ActiveCfg = Release|Any CPU
		{4327676D-2B8D-42C9-AF0D-833D7812C15E}.Release|x64.ActiveCfg = Release|Any CPU
		{4327676D-2B8D-42C9-AF0D-833D7812C15E}.Release|x86.ActiveCfg = Release|Any CPU
		{526521E3-EE0C-4E2F-80C1-CC3BFC8991F1}.Debug|Any CPU.ActiveCfg = Debug|Any CPU
		{526521E3-EE0C-4E2F-80C1-CC3BFC8991F1}.Debug|Any CPU.Build.0 = Debug|Any CPU
		{526521E3-EE0C-4E2F-80C1-CC3BFC8991F1}.Debug|ARM.ActiveCfg = Debug|Any CPU
		{526521E3-EE0C-4E2F-80C1-CC3BFC8991F1}.Debug|x64.ActiveCfg = Debug|Any CPU
		{526521E3-EE0C-4E2F-80C1-CC3BFC8991F1}.Debug|x86.ActiveCfg = Debug|Any CPU
		{526521E3-EE0C-4E2F-80C1-CC3BFC8991F1}.Release|Any CPU.ActiveCfg = Release|Any CPU
		{526521E3-EE0C-4E2F-80C1-CC3BFC8991F1}.Release|Any CPU.Build.0 = Release|Any CPU
		{526521E3-EE0C-4E2F-80C1-CC3BFC8991F1}.Release|ARM.ActiveCfg = Release|Any CPU
		{526521E3-EE0C-4E2F-80C1-CC3BFC8991F1}.Release|x64.ActiveCfg = Release|Any CPU
		{526521E3-EE0C-4E2F-80C1-CC3BFC8991F1}.Release|x86.ActiveCfg = Release|Any CPU
		{29D6D910-2865-4243-AABE-31E8180DE906}.Debug|Any CPU.ActiveCfg = Debug|Any CPU
		{29D6D910-2865-4243-AABE-31E8180DE906}.Debug|Any CPU.Build.0 = Debug|Any CPU
		{29D6D910-2865-4243-AABE-31E8180DE906}.Debug|ARM.ActiveCfg = Debug|Any CPU
		{29D6D910-2865-4243-AABE-31E8180DE906}.Debug|x64.ActiveCfg = Debug|Any CPU
		{29D6D910-2865-4243-AABE-31E8180DE906}.Debug|x86.ActiveCfg = Debug|Any CPU
		{29D6D910-2865-4243-AABE-31E8180DE906}.Release|Any CPU.ActiveCfg = Release|Any CPU
		{29D6D910-2865-4243-AABE-31E8180DE906}.Release|Any CPU.Build.0 = Release|Any CPU
		{29D6D910-2865-4243-AABE-31E8180DE906}.Release|ARM.ActiveCfg = Release|Any CPU
		{29D6D910-2865-4243-AABE-31E8180DE906}.Release|x64.ActiveCfg = Release|Any CPU
		{29D6D910-2865-4243-AABE-31E8180DE906}.Release|x86.ActiveCfg = Release|Any CPU
	EndGlobalSection
	GlobalSection(SolutionProperties) = preSolution
		HideSolutionNode = FALSE
	EndGlobalSection
	GlobalSection(NestedProjects) = preSolution
		{526521E3-EE0C-4E2F-80C1-CC3BFC8991F1} = {EBA56731-B3A8-47FC-A5BA-07A26A7926E8}
	EndGlobalSection
EndGlobal
