
Microsoft Visual Studio Solution File, Format Version 12.00
# Visual Studio 15
VisualStudioVersion = 15.0.26206.0
MinimumVisualStudioVersion = 10.0.40219.1
Project("{2150E333-8FDC-42A3-9474-1A3956D46DE8}") = "test", "test", "{EBA56731-B3A8-47FC-A5BA-07A26A7926E8}"
EndProject
Project("{2150E333-8FDC-42A3-9474-1A3956D46DE8}") = "lib", "lib", "{B283BD4B-FB2D-4FE2-B8F4-0DB6F79F645F}"
	ProjectSection(SolutionItems) = preProject
		lib\Telerik\Telerik.WinControls.dll = lib\Telerik\Telerik.WinControls.dll
		lib\Telerik\Telerik.WinControls.GridView.dll = lib\Telerik\Telerik.WinControls.GridView.dll
		lib\Telerik\Telerik.WinControls.Themes.TelerikMetro.dll = lib\Telerik\Telerik.WinControls.Themes.TelerikMetro.dll
		lib\Telerik\Telerik.WinControls.Themes.TelerikMetroBlue.dll = lib\Telerik\Telerik.WinControls.Themes.TelerikMetroBlue.dll
		lib\Telerik\Telerik.WinControls.UI.dll = lib\Telerik\Telerik.WinControls.UI.dll
		lib\Telerik\Telerik.Windows.Controls.dll = lib\Telerik\Telerik.Windows.Controls.dll
		lib\Telerik\Telerik.Windows.Data.dll = lib\Telerik\Telerik.Windows.Data.dll
		lib\Telerik\Telerik.Windows.Documents.Core.dll = lib\Telerik\Telerik.Windows.Documents.Core.dll
		lib\Telerik\Telerik.Windows.Documents.Flow.dll = lib\Telerik\Telerik.Windows.Documents.Flow.dll
		lib\Telerik\TelerikCommon.dll = lib\Telerik\TelerikCommon.dll
	EndProjectSection
EndProject
Project("{2150E333-8FDC-42A3-9474-1A3956D46DE8}") = "src", "src", "{14FBF15E-5665-45A1-99E9-E36029AA11C1}"
EndProject
Project("{FAE04EC0-301F-11D3-BF4B-00C04F79EFBC}") = "ObjectExporter.VsPackage", "ObjectExporter.VsPackage\ObjectExporter.VsPackage.csproj", "{4327676D-2B8D-42C9-AF0D-833D7812C15E}"
EndProject
Project("{FAE04EC0-301F-11D3-BF4B-00C04F79EFBC}") = "ObjectExporter.Core", "ObjectExporter.Core\ObjectExporter.Core.csproj", "{29D6D910-2865-4243-AABE-31E8180DE906}"
EndProject
Project("{FAE04EC0-301F-11D3-BF4B-00C04F79EFBC}") = "ObjectExporter.Test", "ObjectExporter.Test\ObjectExporter.Test.csproj", "{526521E3-EE0C-4E2F-80C1-CC3BFC8991F1}"
EndProject
Global
	GlobalSection(SolutionConfigurationPlatforms) = preSolution
		Debug|Any CPU = Debug|Any CPU
		Debug|ARM = Debug|ARM
		Debug|x64 = Debug|x64
		Debug|x86 = Debug|x86
		Release|Any CPU = Release|Any CPU
		Release|ARM = Release|ARM
		Release|x64 = Release|x64
		Release|x86 = Release|x86
	EndGlobalSection
	GlobalSection(ProjectConfigurationPlatforms) = postSolution
		{4327676D-2B8D-42C9-AF0D-833D7812C15E}.Debug|Any CPU.ActiveCfg = Debug|Any CPU
		{4327676D-2B8D-42C9-AF0D-833D7812C15E}.Debug|Any CPU.Build.0 = Debug|Any CPU
		{4327676D-2B8D-42C9-AF0D-833D7812C15E}.Debug|ARM.ActiveCfg = Debug|Any CPU
		{4327676D-2B8D-42C9-AF0D-833D7812C15E}.Debug|x64.ActiveCfg = Debug|Any CPU
		{4327676D-2B8D-42C9-AF0D-833D7812C15E}.Debug|x86.ActiveCfg = Debug|Any CPU
		{4327676D-2B8D-42C9-AF0D-833D7812C15E}.Release|Any CPU.ActiveCfg = Release|Any CPU
		{4327676D-2B8D-42C9-AF0D-833D7812C15E}.Release|Any CPU.Build.0 = Release|Any CPU
		{4327676D-2B8D-42C9-AF0D-833D7812C15E}.Release|ARM.ActiveCfg = Release|Any CPU
		{4327676D-2B8D-42C9-AF0D-833D7812C15E}.Release|x64.ActiveCfg = Release|Any CPU
		{4327676D-2B8D-42C9-AF0D-833D7812C15E}.Release|x86.ActiveCfg = Release|Any CPU
		{29D6D910-2865-4243-AABE-31E8180DE906}.Debug|Any CPU.ActiveCfg = Debug|Any CPU
		{29D6D910-2865-4243-AABE-31E8180DE906}.Debug|Any CPU.Build.0 = Debug|Any CPU
		{29D6D910-2865-4243-AABE-31E8180DE906}.Debug|ARM.ActiveCfg = Debug|Any CPU
		{29D6D910-2865-4243-AABE-31E8180DE906}.Debug|x64.ActiveCfg = Debug|Any CPU
		{29D6D910-2865-4243-AABE-31E8180DE906}.Debug|x86.ActiveCfg = Debug|Any CPU
		{29D6D910-2865-4243-AABE-31E8180DE906}.Release|Any CPU.ActiveCfg = Release|Any CPU
		{29D6D910-2865-4243-AABE-31E8180DE906}.Release|Any CPU.Build.0 = Release|Any CPU
		{29D6D910-2865-4243-AABE-31E8180DE906}.Release|ARM.ActiveCfg = Release|Any CPU
		{29D6D910-2865-4243-AABE-31E8180DE906}.Release|x64.ActiveCfg = Release|Any CPU
		{29D6D910-2865-4243-AABE-31E8180DE906}.Release|x86.ActiveCfg = Release|Any CPU
		{526521E3-EE0C-4E2F-80C1-CC3BFC8991F1}.Debug|Any CPU.ActiveCfg = Debug|Any CPU
		{526521E3-EE0C-4E2F-80C1-CC3BFC8991F1}.Debug|Any CPU.Build.0 = Debug|Any CPU
		{526521E3-EE0C-4E2F-80C1-CC3BFC8991F1}.Debug|ARM.ActiveCfg = Debug|Any CPU
		{526521E3-EE0C-4E2F-80C1-CC3BFC8991F1}.Debug|x64.ActiveCfg = Debug|Any CPU
		{526521E3-EE0C-4E2F-80C1-CC3BFC8991F1}.Debug|x86.ActiveCfg = Debug|Any CPU
		{526521E3-EE0C-4E2F-80C1-CC3BFC8991F1}.Release|Any CPU.ActiveCfg = Release|Any CPU
		{526521E3-EE0C-4E2F-80C1-CC3BFC8991F1}.Release|Any CPU.Build.0 = Release|Any CPU
		{526521E3-EE0C-4E2F-80C1-CC3BFC8991F1}.Release|ARM.ActiveCfg = Release|Any CPU
		{526521E3-EE0C-4E2F-80C1-CC3BFC8991F1}.Release|x64.ActiveCfg = Release|Any CPU
		{526521E3-EE0C-4E2F-80C1-CC3BFC8991F1}.Release|x86.ActiveCfg = Release|Any CPU
	EndGlobalSection
	GlobalSection(SolutionProperties) = preSolution
		HideSolutionNode = FALSE
	EndGlobalSection
	GlobalSection(NestedProjects) = preSolution
		{4327676D-2B8D-42C9-AF0D-833D7812C15E} = {14FBF15E-5665-45A1-99E9-E36029AA11C1}
		{29D6D910-2865-4243-AABE-31E8180DE906} = {14FBF15E-5665-45A1-99E9-E36029AA11C1}
		{526521E3-EE0C-4E2F-80C1-CC3BFC8991F1} = {EBA56731-B3A8-47FC-A5BA-07A26A7926E8}
	EndGlobalSection
EndGlobal
